
Microsoft Visual Studio Solution File, Format Version 12.00
# Visual Studio Version 16
VisualStudioVersion = 16.0.30320.27
MinimumVisualStudioVersion = 10.0.40219.1
Project("{FAE04EC0-301F-11D3-BF4B-00C04F79EFBC}") = "ComboboxRedBorderValidation", "ComboboxRedBorderValidation\ComboboxRedBorderValidation.csproj", "{FC6CA0F7-7226-4715-8CEE-8A137F066DA7}"
EndProject
Global
	GlobalSection(SolutionConfigurationPlatforms) = preSolution
		Debug|Any CPU = Debug|Any CPU
		Release|Any CPU = Release|Any CPU
	EndGlobalSection
	GlobalSection(ProjectConfigurationPlatforms) = postSolution
		{FC6CA0F7-7226-4715-8CEE-8A137F066DA7}.Debug|Any CPU.ActiveCfg = Debug|Any CPU
		{FC6CA0F7-7226-4715-8CEE-8A137F066DA7}.Debug|Any CPU.Build.0 = Debug|Any CPU
		{FC6CA0F7-7226-4715-8CEE-8A137F066DA7}.Release|Any CPU.ActiveCfg = Release|Any CPU
		{FC6CA0F7-7226-4715-8CEE-8A137F066DA7}.Release|Any CPU.Build.0 = Release|Any CPU
	EndGlobalSection
	GlobalSection(SolutionProperties) = preSolution
		HideSolutionNode = FALSE
	EndGlobalSection
	GlobalSection(ExtensibilityGlobals) = postSolution
		SolutionGuid = {68A8D4F0-3335-4EEB-990E-91A9693470A6}
	EndGlobalSection
EndGlobal
